{
  "name": "temp-project",
  "version": "1.0.0",
  "lockfileVersion": 3,
  "requires": true,
  "packages": {
    "": {
      "dependencies": {
        "@hookform/resolvers": "^5.1.1",
        "react": "^19.1.0",
        "react-dom": "^19.1.0",
        "react-hook-form": "^7.57.0",
        "react-router-dom": "^7.6.2",
        "yup": "^1.6.1"
      }
    }
  }
}
