# THIS IS AN AUTOGENERATED FILE. DO NOT EDIT THIS FILE DIRECTLY.
# yarn lockfile v1


lucide-react@^0.515.0:
  version "0.515.0"
  resolved "https://registry.npmjs.org/lucide-react/-/lucide-react-0.515.0.tgz"
  integrity sha512-Sy7bY0MeicRm2pzrnoHm2h6C1iVoeHyBU2fjdQDsXGP51fhkhau1/ZV/dzrcxEmAKsxYb6bGaIsMnGHuQ5s0dw==

"react@^16.5.1 || ^17.0.0 || ^18.0.0 || ^19.0.0":
  version "19.1.0"
  resolved "https://registry.npmjs.org/react/-/react-19.1.0.tgz"
  integrity sha512-FS+XFBNvn3GTAWq26joslQgWNoFu08F4kl0J4CgdNKADkdSGXQyTCnKteIAJy96Br6YbpEU1LSzV5dYtjMkMDg==
